// !$*UTF8*$!
{
	archiveVersion = 1;
	classes = {
	};
	objectVersion = 56;
	objects = {

/* Begin PBXBuildFile section */
		BEB2B33E2B9DC35200CCA21E /* TodoAppApp.swift in Sources */ = {isa = PBXBuildFile; fileRef = BEB2B33D2B9DC35200CCA21E /* TodoAppApp.swift */; };
		BEB2B3402B9DC35200CCA21E /* ContentView.swift in Sources */ = {isa = PBXBuildFile; fileRef = BEB2B33F2B9DC35200CCA21E /* ContentView.swift */; };
		BEB2B3422B9DC35400CCA21E /* Assets.xcassets in Resources */ = {isa = PBXBuildFile; fileRef = BEB2B3412B9DC35400CCA21E /* Assets.xcassets */; };
		BEB2B3452B9DC35400CCA21E /* Preview Assets.xcassets in Resources */ = {isa = PBXBuildFile; fileRef = BEB2B3442B9DC35400CCA21E /* Preview Assets.xcassets */; };
		BEB2B34D2B9DC38200CCA21E /* ItemModel.swift in Sources */ = {isa = PBXBuildFile; fileRef = BEB2B34C2B9DC38200CCA21E /* ItemModel.swift */; };
		BEB2B3502B9DC4C400CCA21E /* ListViewModel.swift in Sources */ = {isa = PBXBuildFile; fileRef = BEB2B34F2B9DC4C400CCA21E /* ListViewModel.swift */; };
		BEB2B3532B9EA8FA00CCA21E /* NoListView.swift in Sources */ = {isa = PBXBuildFile; fileRef = BEB2B3522B9EA8FA00CCA21E /* NoListView.swift */; };
		BEB2B3552B9EAC8D00CCA21E /* AddView.swift in Sources */ = {isa = PBXBuildFile; fileRef = BEB2B3542B9EAC8D00CCA21E /* AddView.swift */; };
		BEB2B3572B9ED68E00CCA21E /* ListRowView.swift in Sources */ = {isa = PBXBuildFile; fileRef = BEB2B3562B9ED68E00CCA21E /* ListRowView.swift */; };
		BEB2B3592B9ED98700CCA21E /* ListView.swift in Sources */ = {isa = PBXBuildFile; fileRef = BEB2B3582B9ED98700CCA21E /* ListView.swift */; };
/* End PBXBuildFile section */

/* Begin PBXFileReference section */
		BEB2B33A2B9DC35200CCA21E /* TodoApp.app */ = {isa = PBXFileReference; explicitFileType = wrapper.application; includeInIndex = 0; path = TodoApp.app; sourceTree = BUILT_PRODUCTS_DIR; };
		BEB2B33D2B9DC35200CCA21E /* TodoAppApp.swift */ = {isa = PBXFileReference; lastKnownFileType = sourcecode.swift; path = TodoAppApp.swift; sourceTree = "<group>"; };
		BEB2B33F2B9DC35200CCA21E /* ContentView.swift */ = {isa = PBXFileReference; lastKnownFileType = sourcecode.swift; path = ContentView.swift; sourceTree = "<group>"; };
		BEB2B3412B9DC35400CCA21E /* Assets.xcassets */ = {isa = PBXFileReference; lastKnownFileType = folder.assetcatalog; path = Assets.xcassets; sourceTree = "<group>"; };
		BEB2B3442B9DC35400CCA21E /* Preview Assets.xcassets */ = {isa = PBXFileReference; lastKnownFileType = folder.assetcatalog; path = "Preview Assets.xcassets"; sourceTree = "<group>"; };
		BEB2B34C2B9DC38200CCA21E /* ItemModel.swift */ = {isa = PBXFileReference; lastKnownFileType = sourcecode.swift; path = ItemModel.swift; sourceTree = "<group>"; };
		BEB2B34F2B9DC4C400CCA21E /* ListViewModel.swift */ = {isa = PBXFileReference; lastKnownFileType = sourcecode.swift; path = ListViewModel.swift; sourceTree = "<group>"; };
		BEB2B3522B9EA8FA00CCA21E /* NoListView.swift */ = {isa = PBXFileReference; lastKnownFileType = sourcecode.swift; path = NoListView.swift; sourceTree = "<group>"; };
		BEB2B3542B9EAC8D00CCA21E /* AddView.swift */ = {isa = PBXFileReference; lastKnownFileType = sourcecode.swift; path = AddView.swift; sourceTree = "<group>"; };
		BEB2B3562B9ED68E00CCA21E /* ListRowView.swift */ = {isa = PBXFileReference; lastKnownFileType = sourcecode.swift; path = ListRowView.swift; sourceTree = "<group>"; };
		BEB2B3582B9ED98700CCA21E /* ListView.swift */ = {isa = PBXFileReference; lastKnownFileType = sourcecode.swift; path = ListView.swift; sourceTree = "<group>"; };
/* End PBXFileReference section */

/* Begin PBXFrameworksBuildPhase section */
		BEB2B3372B9DC35200CCA21E /* Frameworks */ = {
			isa = PBXFrameworksBuildPhase;
			buildActionMask = 2147483647;
			files = (
			);
			runOnlyForDeploymentPostprocessing = 0;
		};
/* End PBXFrameworksBuildPhase section */

/* Begin PBXGroup section */
		BEB2B3312B9DC35200CCA21E = {
			isa = PBXGroup;
			children = (
				BEB2B33C2B9DC35200CCA21E /* TodoApp */,
				BEB2B33B2B9DC35200CCA21E /* Products */,
			);
			sourceTree = "<group>";
		};
		BEB2B33B2B9DC35200CCA21E /* Products */ = {
			isa = PBXGroup;
			children = (
				BEB2B33A2B9DC35200CCA21E /* TodoApp.app */,
			);
			name = Products;
			sourceTree = "<group>";
		};
		BEB2B33C2B9DC35200CCA21E /* TodoApp */ = {
			isa = PBXGroup;
			children = (
				BEB2B3512B9EA8E300CCA21E /* View */,
				BEB2B34E2B9DC4B000CCA21E /* ViewModel */,
				BEB2B34B2B9DC37300CCA21E /* Model */,
				BEB2B33D2B9DC35200CCA21E /* TodoAppApp.swift */,
				BEB2B33F2B9DC35200CCA21E /* ContentView.swift */,
				BEB2B3412B9DC35400CCA21E /* Assets.xcassets */,
				BEB2B3432B9DC35400CCA21E /* Preview Content */,
			);
			path = TodoApp;
			sourceTree = "<group>";
		};
		BEB2B3432B9DC35400CCA21E /* Preview Content */ = {
			isa = PBXGroup;
			children = (
				BEB2B3442B9DC35400CCA21E /* Preview Assets.xcassets */,
			);
			path = "Preview Content";
			sourceTree = "<group>";
		};
		BEB2B34B2B9DC37300CCA21E /* Model */ = {
			isa = PBXGroup;
			children = (
				BEB2B34C2B9DC38200CCA21E /* ItemModel.swift */,
			);
			path = Model;
			sourceTree = "<group>";
		};
		BEB2B34E2B9DC4B000CCA21E /* ViewModel */ = {
			isa = PBXGroup;
			children = (
				BEB2B34F2B9DC4C400CCA21E /* ListViewModel.swift */,
			);
			path = ViewModel;
			sourceTree = "<group>";
		};
		BEB2B3512B9EA8E300CCA21E /* View */ = {
			isa = PBXGroup;
			children = (
				BEB2B3522B9EA8FA00CCA21E /* NoListView.swift */,
				BEB2B3542B9EAC8D00CCA21E /* AddView.swift */,
				BEB2B3562B9ED68E00CCA21E /* ListRowView.swift */,
				BEB2B3582B9ED98700CCA21E /* ListView.swift */,
			);
			path = View;
			sourceTree = "<group>";
		};
/* End PBXGroup section */

/* Begin PBXNativeTarget section */
		BEB2B3392B9DC35200CCA21E /* TodoApp */ = {
			isa = PBXNativeTarget;
			buildConfigurationList = BEB2B3482B9DC35400CCA21E /* Build configuration list for PBXNativeTarget "TodoApp" */;
			buildPhases = (
				BEB2B3362B9DC35200CCA21E /* Sources */,
				BEB2B3372B9DC35200CCA21E /* Frameworks */,
				BEB2B3382B9DC35200CCA21E /* Resources */,
			);
			buildRules = (
			);
			dependencies = (
			);
			name = TodoApp;
			productName = TodoApp;
			productReference = BEB2B33A2B9DC35200CCA21E /* TodoApp.app */;
			productType = "com.apple.product-type.application";
		};
/* End PBXNativeTarget section */

/* Begin PBXProject section */
		BEB2B3322B9DC35200CCA21E /* Project object */ = {
			isa = PBXProject;
			attributes = {
				BuildIndependentTargetsInParallel = 1;
				LastSwiftUpdateCheck = 1530;
				LastUpgradeCheck = 1530;
				TargetAttributes = {
					BEB2B3392B9DC35200CCA21E = {
						CreatedOnToolsVersion = 15.3;
					};
				};
			};
			buildConfigurationList = BEB2B3352B9DC35200CCA21E /* Build configuration list for PBXProject "TodoApp" */;
			compatibilityVersion = "Xcode 14.0";
			developmentRegion = en;
			hasScannedForEncodings = 0;
			knownRegions = (
				en,
				Base,
			);
			mainGroup = BEB2B3312B9DC35200CCA21E;
			productRefGroup = BEB2B33B2B9DC35200CCA21E /* Products */;
			projectDirPath = "";
			projectRoot = "";
			targets = (
				BEB2B3392B9DC35200CCA21E /* TodoApp */,
			);
		};
/* End PBXProject section */

/* Begin PBXResourcesBuildPhase section */
		BEB2B3382B9DC35200CCA21E /* Resources */ = {
			isa = PBXResourcesBuildPhase;
			buildActionMask = 2147483647;
			files = (
				BEB2B3452B9DC35400CCA21E /* Preview Assets.xcassets in Resources */,
				BEB2B3422B9DC35400CCA21E /* Assets.xcassets in Resources */,
			);
			runOnlyForDeploymentPostprocessing = 0;
		};
/* End PBXResourcesBuildPhase section */

/* Begin PBXSourcesBuildPhase section */
		BEB2B3362B9DC35200CCA21E /* Sources */ = {
			isa = PBXSourcesBuildPhase;
			buildActionMask = 2147483647;
			files = (
				BEB2B3592B9ED98700CCA21E /* ListView.swift in Sources */,
				BEB2B34D2B9DC38200CCA21E /* ItemModel.swift in Sources */,
				BEB2B3572B9ED68E00CCA21E /* ListRowView.swift in Sources */,
				BEB2B3402B9DC35200CCA21E /* ContentView.swift in Sources */,
				BEB2B3552B9EAC8D00CCA21E /* AddView.swift in Sources */,
				BEB2B3532B9EA8FA00CCA21E /* NoListView.swift in Sources */,
				BEB2B3502B9DC4C400CCA21E /* ListViewModel.swift in Sources */,
				BEB2B33E2B9DC35200CCA21E /* TodoAppApp.swift in Sources */,
			);
			runOnlyForDeploymentPostprocessing = 0;
		};
/* End PBXSourcesBuildPhase section */

/* Begin XCBuildConfiguration section */
		BEB2B3462B9DC35400CCA21E /* Debug */ = {
			isa = XCBuildConfiguration;
			buildSettings = {
				ALWAYS_SEARCH_USER_PATHS = NO;
				ASSETCATALOG_COMPILER_GENERATE_SWIFT_ASSET_SYMBOL_EXTENSIONS = YES;
				CLANG_ANALYZER_NONNULL = YES;
				CLANG_ANALYZER_NUMBER_OBJECT_CONVERSION = YES_AGGRESSIVE;
				CLANG_CXX_LANGUAGE_STANDARD = "gnu++20";
				CLANG_ENABLE_MODULES = YES;
				CLANG_ENABLE_OBJC_ARC = YES;
				CLANG_ENABLE_OBJC_WEAK = YES;
				CLANG_WARN_BLOCK_CAPTURE_AUTORELEASING = YES;
				CLANG_WARN_BOOL_CONVERSION = YES;
				CLANG_WARN_COMMA = YES;
				CLANG_WARN_CONSTANT_CONVERSION = YES;
				CLANG_WARN_DEPRECATED_OBJC_IMPLEMENTATIONS = YES;
				CLANG_WARN_DIRECT_OBJC_ISA_USAGE = YES_ERROR;
				CLANG_WARN_DOCUMENTATION_COMMENTS = YES;
				CLANG_WARN_EMPTY_BODY = YES;
				CLANG_WARN_ENUM_CONVERSION = YES;
				CLANG_WARN_INFINITE_RECURSION = YES;
				CLANG_WARN_INT_CONVERSION = YES;
				CLANG_WARN_NON_LITERAL_NULL_CONVERSION = YES;
				CLANG_WARN_OBJC_IMPLICIT_RETAIN_SELF = YES;
				CLANG_WARN_OBJC_LITERAL_CONVERSION = YES;
				CLANG_WARN_OBJC_ROOT_CLASS = YES_ERROR;
				CLANG_WARN_QUOTED_INCLUDE_IN_FRAMEWORK_HEADER = YES;
				CLANG_WARN_RANGE_LOOP_ANALYSIS = YES;
				CLANG_WARN_STRICT_PROTOTYPES = YES;
				CLANG_WARN_SUSPICIOUS_MOVE = YES;
				CLANG_WARN_UNGUARDED_AVAILABILITY = YES_AGGRESSIVE;
				CLANG_WARN_UNREACHABLE_CODE = YES;
				CLANG_WARN__DUPLICATE_METHOD_MATCH = YES;
				COPY_PHASE_STRIP = NO;
				DEBUG_INFORMATION_FORMAT = dwarf;
				ENABLE_STRICT_OBJC_MSGSEND = YES;
				ENABLE_TESTABILITY = YES;
				ENABLE_USER_SCRIPT_SANDBOXING = YES;
				GCC_C_LANGUAGE_STANDARD = gnu17;
				GCC_DYNAMIC_NO_PIC = NO;
				GCC_NO_COMMON_BLOCKS = YES;
				GCC_OPTIMIZATION_LEVEL = 0;
				GCC_PREPROCESSOR_DEFINITIONS = (
					"DEBUG=1",
					"$(inherited)",
				);
				GCC_WARN_64_TO_32_BIT_CONVERSION = YES;
				GCC_WARN_ABOUT_RETURN_TYPE = YES_ERROR;
				GCC_WARN_UNDECLARED_SELECTOR = YES;
				GCC_WARN_UNINITIALIZED_AUTOS = YES_AGGRESSIVE;
				GCC_WARN_UNUSED_FUNCTION = YES;
				GCC_WARN_UNUSED_VARIABLE = YES;
				IPHONEOS_DEPLOYMENT_TARGET = 17.4;
				LOCALIZATION_PREFERS_STRING_CATALOGS = YES;
				MTL_ENABLE_DEBUG_INFO = INCLUDE_SOURCE;
				MTL_FAST_MATH = YES;
				ONLY_ACTIVE_ARCH = YES;
				SDKROOT = iphoneos;
				SWIFT_ACTIVE_COMPILATION_CONDITIONS = "DEBUG $(inherited)";
				SWIFT_OPTIMIZATION_LEVEL = "-Onone";
			};
			name = Debug;
		};
		BEB2B3472B9DC35400CCA21E /* Release */ = {
			isa = XCBuildConfiguration;
			buildSettings = {
				ALWAYS_SEARCH_USER_PATHS = NO;
				ASSETCATALOG_COMPILER_GENERATE_SWIFT_ASSET_SYMBOL_EXTENSIONS = YES;
				CLANG_ANALYZER_NONNULL = YES;
				CLANG_ANALYZER_NUMBER_OBJECT_CONVERSION = YES_AGGRESSIVE;
				CLANG_CXX_LANGUAGE_STANDARD = "gnu++20";
				CLANG_ENABLE_MODULES = YES;
				CLANG_ENABLE_OBJC_ARC = YES;
				CLANG_ENABLE_OBJC_WEAK = YES;
				CLANG_WARN_BLOCK_CAPTURE_AUTORELEASING = YES;
				CLANG_WARN_BOOL_CONVERSION = YES;
				CLANG_WARN_COMMA = YES;
				CLANG_WARN_CONSTANT_CONVERSION = YES;
				CLANG_WARN_DEPRECATED_OBJC_IMPLEMENTATIONS = YES;
				CLANG_WARN_DIRECT_OBJC_ISA_USAGE = YES_ERROR;
				CLANG_WARN_DOCUMENTATION_COMMENTS = YES;
				CLANG_WARN_EMPTY_BODY = YES;
				CLANG_WARN_ENUM_CONVERSION = YES;
				CLANG_WARN_INFINITE_RECURSION = YES;
				CLANG_WARN_INT_CONVERSION = YES;
				CLANG_WARN_NON_LITERAL_NULL_CONVERSION = YES;
				CLANG_WARN_OBJC_IMPLICIT_RETAIN_SELF = YES;
				CLANG_WARN_OBJC_LITERAL_CONVERSION = YES;
				CLANG_WARN_OBJC_ROOT_CLASS = YES_ERROR;
				CLANG_WARN_QUOTED_INCLUDE_IN_FRAMEWORK_HEADER = YES;
				CLANG_WARN_RANGE_LOOP_ANALYSIS = YES;
				CLANG_WARN_STRICT_PROTOTYPES = YES;
				CLANG_WARN_SUSPICIOUS_MOVE = YES;
				CLANG_WARN_UNGUARDED_AVAILABILITY = YES_AGGRESSIVE;
				CLANG_WARN_UNREACHABLE_CODE = YES;
				CLANG_WARN__DUPLICATE_METHOD_MATCH = YES;
				COPY_PHASE_STRIP = NO;
				DEBUG_INFORMATION_FORMAT = "dwarf-with-dsym";
				ENABLE_NS_ASSERTIONS = NO;
				ENABLE_STRICT_OBJC_MSGSEND = YES;
				ENABLE_USER_SCRIPT_SANDBOXING = YES;
				GCC_C_LANGUAGE_STANDARD = gnu17;
				GCC_NO_COMMON_BLOCKS = YES;
				GCC_WARN_64_TO_32_BIT_CONVERSION = YES;
				GCC_WARN_ABOUT_RETURN_TYPE = YES_ERROR;
				GCC_WARN_UNDECLARED_SELECTOR = YES;
				GCC_WARN_UNINITIALIZED_AUTOS = YES_AGGRESSIVE;
				GCC_WARN_UNUSED_FUNCTION = YES;
				GCC_WARN_UNUSED_VARIABLE = YES;
				IPHONEOS_DEPLOYMENT_TARGET = 17.4;
				LOCALIZATION_PREFERS_STRING_CATALOGS = YES;
				MTL_ENABLE_DEBUG_INFO = NO;
				MTL_FAST_MATH = YES;
				SDKROOT = iphoneos;
				SWIFT_COMPILATION_MODE = wholemodule;
				VALIDATE_PRODUCT = YES;
			};
			name = Release;
		};
		BEB2B3492B9DC35400CCA21E /* Debug */ = {
			isa = XCBuildConfiguration;
			buildSettings = {
				ASSETCATALOG_COMPILER_APPICON_NAME = AppIcon;
				ASSETCATALOG_COMPILER_GLOBAL_ACCENT_COLOR_NAME = AccentColor;
				CODE_SIGN_STYLE = Automatic;
				CURRENT_PROJECT_VERSION = 1;
				DEVELOPMENT_ASSET_PATHS = "\"TodoApp/Preview Content\"";
				ENABLE_PREVIEWS = YES;
				GENERATE_INFOPLIST_FILE = YES;
				INFOPLIST_KEY_UIApplicationSceneManifest_Generation = YES;
				INFOPLIST_KEY_UIApplicationSupportsIndirectInputEvents = YES;
				INFOPLIST_KEY_UILaunchScreen_Generation = YES;
				INFOPLIST_KEY_UISupportedInterfaceOrientations_iPad = "UIInterfaceOrientationPortrait UIInterfaceOrientationPortraitUpsideDown UIInterfaceOrientationLandscapeLeft UIInterfaceOrientationLandscapeRight";
				INFOPLIST_KEY_UISupportedInterfaceOrientations_iPhone = "UIInterfaceOrientationPortrait UIInterfaceOrientationLandscapeLeft UIInterfaceOrientationLandscapeRight";
				LD_RUNPATH_SEARCH_PATHS = (
					"$(inherited)",
					"@executable_path/Frameworks",
				);
				MARKETING_VERSION = 1.0;
				PRODUCT_BUNDLE_IDENTIFIER = steve.TodoApp;
				PRODUCT_NAME = "$(TARGET_NAME)";
				SWIFT_EMIT_LOC_STRINGS = YES;
				SWIFT_VERSION = 5.0;
				TARGETED_DEVICE_FAMILY = "1,2";
			};
			name = Debug;
		};
		BEB2B34A2B9DC35400CCA21E /* Release */ = {
			isa = XCBuildConfiguration;
			buildSettings = {
				ASSETCATALOG_COMPILER_APPICON_NAME = AppIcon;
				ASSETCATALOG_COMPILER_GLOBAL_ACCENT_COLOR_NAME = AccentColor;
				CODE_SIGN_STYLE = Automatic;
				CURRENT_PROJECT_VERSION = 1;
				DEVELOPMENT_ASSET_PATHS = "\"TodoApp/Preview Content\"";
				ENABLE_PREVIEWS = YES;
				GENERATE_INFOPLIST_FILE = YES;
				INFOPLIST_KEY_UIApplicationSceneManifest_Generation = YES;
				INFOPLIST_KEY_UIApplicationSupportsIndirectInputEvents = YES;
				INFOPLIST_KEY_UILaunchScreen_Generation = YES;
				INFOPLIST_KEY_UISupportedInterfaceOrientations_iPad = "UIInterfaceOrientationPortrait UIInterfaceOrientationPortraitUpsideDown UIInterfaceOrientationLandscapeLeft UIInterfaceOrientationLandscapeRight";
				INFOPLIST_KEY_UISupportedInterfaceOrientations_iPhone = "UIInterfaceOrientationPortrait UIInterfaceOrientationLandscapeLeft UIInterfaceOrientationLandscapeRight";
				LD_RUNPATH_SEARCH_PATHS = (
					"$(inherited)",
					"@executable_path/Frameworks",
				);
				MARKETING_VERSION = 1.0;
				PRODUCT_BUNDLE_IDENTIFIER = steve.TodoApp;
				PRODUCT_NAME = "$(TARGET_NAME)";
				SWIFT_EMIT_LOC_STRINGS = YES;
				SWIFT_VERSION = 5.0;
				TARGETED_DEVICE_FAMILY = "1,2";
			};
			name = Release;
		};
/* End XCBuildConfiguration section */

/* Begin XCConfigurationList section */
		BEB2B3352B9DC35200CCA21E /* Build configuration list for PBXProject "TodoApp" */ = {
			isa = XCConfigurationList;
			buildConfigurations = (
				BEB2B3462B9DC35400CCA21E /* Debug */,
				BEB2B3472B9DC35400CCA21E /* Release */,
			);
			defaultConfigurationIsVisible = 0;
			defaultConfigurationName = Release;
		};
		BEB2B3482B9DC35400CCA21E /* Build configuration list for PBXNativeTarget "TodoApp" */ = {
			isa = XCConfigurationList;
			buildConfigurations = (
				BEB2B3492B9DC35400CCA21E /* Debug */,
				BEB2B34A2B9DC35400CCA21E /* Release */,
			);
			defaultConfigurationIsVisible = 0;
			defaultConfigurationName = Release;
		};
/* End XCConfigurationList section */
	};
	rootObject = BEB2B3322B9DC35200CCA21E /* Project object */;
}
